
Microsoft Visual Studio Solution File, Format Version 12.00
# Visual Studio Version 16
VisualStudioVersion = 16.0.29215.179
MinimumVisualStudioVersion = 10.0.40219.1
Project("{FAE04EC0-301F-11D3-BF4B-00C04F79EFBC}") = "Negocio", "Negocio\Negocio.csproj", "{78168089-F744-4FDB-8FC4-707782488920}"
EndProject
Project("{FAE04EC0-301F-11D3-BF4B-00C04F79EFBC}") = "Presentacion", "Presentacion\Presentacion.csproj", "{F300DD8C-E448-402B-BEE0-AC9577A1B12B}"
EndProject
Global
	GlobalSection(SolutionConfigurationPlatforms) = preSolution
		Debug|Any CPU = Debug|Any CPU
		Release|Any CPU = Release|Any CPU
	EndGlobalSection
	GlobalSection(ProjectConfigurationPlatforms) = postSolution
		{78168089-F744-4FDB-8FC4-707782488920}.Debug|Any CPU.ActiveCfg = Debug|Any CPU
		{78168089-F744-4FDB-8FC4-707782488920}.Debug|Any CPU.Build.0 = Debug|Any CPU
		{78168089-F744-4FDB-8FC4-707782488920}.Release|Any CPU.ActiveCfg = Release|Any CPU
		{78168089-F744-4FDB-8FC4-707782488920}.Release|Any CPU.Build.0 = Release|Any CPU
		{F300DD8C-E448-402B-BEE0-AC9577A1B12B}.Debug|Any CPU.ActiveCfg = Debug|Any CPU
		{F300DD8C-E448-402B-BEE0-AC9577A1B12B}.Debug|Any CPU.Build.0 = Debug|Any CPU
		{F300DD8C-E448-402B-BEE0-AC9577A1B12B}.Release|Any CPU.ActiveCfg = Release|Any CPU
		{F300DD8C-E448-402B-BEE0-AC9577A1B12B}.Release|Any CPU.Build.0 = Release|Any CPU
	EndGlobalSection
	GlobalSection(SolutionProperties) = preSolution
		HideSolutionNode = FALSE
	EndGlobalSection
	GlobalSection(ExtensibilityGlobals) = postSolution
		SolutionGuid = {C4CAFC8B-1911-408B-B37E-C0C51551847D}
	EndGlobalSection
EndGlobal
